
Microsoft Visual Studio Solution File, Format Version 12.00
# Visual Studio Version 17
VisualStudioVersion = 17.2.32616.157
MinimumVisualStudioVersion = 10.0.40219.1
Project("{FAE04EC0-301F-11D3-BF4B-00C04F79EFBC}") = "Ex01", "Ex01\Ex01.csproj", "{D458B8EB-6775-4816-A3D4-B99F4E23CE95}"
EndProject
Project("{FAE04EC0-301F-11D3-BF4B-00C04F79EFBC}") = "Ex02", "..\Ex02\Ex02\Ex02.csproj", "{EF17FD6E-CDDD-490B-AE8A-83AF0D8AF6AA}"
EndProject
Project("{FAE04EC0-301F-11D3-BF4B-00C04F79EFBC}") = "Ex03", "..\Ex03\Ex03\Ex03.csproj", "{25DBAFAA-3C99-4CAA-B6DE-28E54EAB8920}"
EndProject
Project("{FAE04EC0-301F-11D3-BF4B-00C04F79EFBC}") = "Ex04", "Ex04\Ex04.csproj", "{EF2B7850-BA83-4E5F-9E14-CD05AC622C67}"
EndProject
Project("{FAE04EC0-301F-11D3-BF4B-00C04F79EFBC}") = "Ex05", "Ex05\Ex05.csproj", "{613464D2-D415-4957-AB0A-280639F08478}"
EndProject
Project("{FAE04EC0-301F-11D3-BF4B-00C04F79EFBC}") = "Ex06", "Ex06\Ex06.csproj", "{7BAEC377-CEE2-47EF-9A54-EF96693F6FA7}"
EndProject
Project("{FAE04EC0-301F-11D3-BF4B-00C04F79EFBC}") = "Ex07", "Ex07\Ex07.csproj", "{801A1473-6277-4E8E-BCD0-41EB4435EA68}"
EndProject
Project("{FAE04EC0-301F-11D3-BF4B-00C04F79EFBC}") = "Ex08", "Ex08\Ex08.csproj", "{3ED1F2AA-3FD7-4590-9730-AB793FD9501B}"
EndProject
Project("{FAE04EC0-301F-11D3-BF4B-00C04F79EFBC}") = "Desafio", "Desafio\Desafio.csproj", "{598E1B96-C7C7-4A3A-93EA-5D826206CCD9}"
EndProject
Project("{FAE04EC0-301F-11D3-BF4B-00C04F79EFBC}") = "Carro", "Carro\Carro.csproj", "{FA330012-82B4-4800-8D75-6B33CC70D436}"
EndProject
Project("{FAE04EC0-301F-11D3-BF4B-00C04F79EFBC}") = "CarroTeste", "CarroTeste\CarroTeste.csproj", "{669D40B8-1DD1-444B-864A-21C46B876027}"
EndProject
Global
	GlobalSection(SolutionConfigurationPlatforms) = preSolution
		Debug|Any CPU = Debug|Any CPU
		Release|Any CPU = Release|Any CPU
	EndGlobalSection
	GlobalSection(ProjectConfigurationPlatforms) = postSolution
		{D458B8EB-6775-4816-A3D4-B99F4E23CE95}.Debug|Any CPU.ActiveCfg = Debug|Any CPU
		{D458B8EB-6775-4816-A3D4-B99F4E23CE95}.Debug|Any CPU.Build.0 = Debug|Any CPU
		{D458B8EB-6775-4816-A3D4-B99F4E23CE95}.Release|Any CPU.ActiveCfg = Release|Any CPU
		{D458B8EB-6775-4816-A3D4-B99F4E23CE95}.Release|Any CPU.Build.0 = Release|Any CPU
		{EF17FD6E-CDDD-490B-AE8A-83AF0D8AF6AA}.Debug|Any CPU.ActiveCfg = Debug|Any CPU
		{EF17FD6E-CDDD-490B-AE8A-83AF0D8AF6AA}.Debug|Any CPU.Build.0 = Debug|Any CPU
		{EF17FD6E-CDDD-490B-AE8A-83AF0D8AF6AA}.Release|Any CPU.ActiveCfg = Release|Any CPU
		{EF17FD6E-CDDD-490B-AE8A-83AF0D8AF6AA}.Release|Any CPU.Build.0 = Release|Any CPU
		{25DBAFAA-3C99-4CAA-B6DE-28E54EAB8920}.Debug|Any CPU.ActiveCfg = Debug|Any CPU
		{25DBAFAA-3C99-4CAA-B6DE-28E54EAB8920}.Debug|Any CPU.Build.0 = Debug|Any CPU
		{25DBAFAA-3C99-4CAA-B6DE-28E54EAB8920}.Release|Any CPU.ActiveCfg = Release|Any CPU
		{25DBAFAA-3C99-4CAA-B6DE-28E54EAB8920}.Release|Any CPU.Build.0 = Release|Any CPU
		{EF2B7850-BA83-4E5F-9E14-CD05AC622C67}.Debug|Any CPU.ActiveCfg = Debug|Any CPU
		{EF2B7850-BA83-4E5F-9E14-CD05AC622C67}.Debug|Any CPU.Build.0 = Debug|Any CPU
		{EF2B7850-BA83-4E5F-9E14-CD05AC622C67}.Release|Any CPU.ActiveCfg = Release|Any CPU
		{EF2B7850-BA83-4E5F-9E14-CD05AC622C67}.Release|Any CPU.Build.0 = Release|Any CPU
		{613464D2-D415-4957-AB0A-280639F08478}.Debug|Any CPU.ActiveCfg = Debug|Any CPU
		{613464D2-D415-4957-AB0A-280639F08478}.Debug|Any CPU.Build.0 = Debug|Any CPU
		{613464D2-D415-4957-AB0A-280639F08478}.Release|Any CPU.ActiveCfg = Release|Any CPU
		{613464D2-D415-4957-AB0A-280639F08478}.Release|Any CPU.Build.0 = Release|Any CPU
		{7BAEC377-CEE2-47EF-9A54-EF96693F6FA7}.Debug|Any CPU.ActiveCfg = Debug|Any CPU
		{7BAEC377-CEE2-47EF-9A54-EF96693F6FA7}.Debug|Any CPU.Build.0 = Debug|Any CPU
		{7BAEC377-CEE2-47EF-9A54-EF96693F6FA7}.Release|Any CPU.ActiveCfg = Release|Any CPU
		{7BAEC377-CEE2-47EF-9A54-EF96693F6FA7}.Release|Any CPU.Build.0 = Release|Any CPU
		{801A1473-6277-4E8E-BCD0-41EB4435EA68}.Debug|Any CPU.ActiveCfg = Debug|Any CPU
		{801A1473-6277-4E8E-BCD0-41EB4435EA68}.Debug|Any CPU.Build.0 = Debug|Any CPU
		{801A1473-6277-4E8E-BCD0-41EB4435EA68}.Release|Any CPU.ActiveCfg = Release|Any CPU
		{801A1473-6277-4E8E-BCD0-41EB4435EA68}.Release|Any CPU.Build.0 = Release|Any CPU
		{3ED1F2AA-3FD7-4590-9730-AB793FD9501B}.Debug|Any CPU.ActiveCfg = Debug|Any CPU
		{3ED1F2AA-3FD7-4590-9730-AB793FD9501B}.Debug|Any CPU.Build.0 = Debug|Any CPU
		{3ED1F2AA-3FD7-4590-9730-AB793FD9501B}.Release|Any CPU.ActiveCfg = Release|Any CPU
		{3ED1F2AA-3FD7-4590-9730-AB793FD9501B}.Release|Any CPU.Build.0 = Release|Any CPU
		{598E1B96-C7C7-4A3A-93EA-5D826206CCD9}.Debug|Any CPU.ActiveCfg = Debug|Any CPU
		{598E1B96-C7C7-4A3A-93EA-5D826206CCD9}.Debug|Any CPU.Build.0 = Debug|Any CPU
		{598E1B96-C7C7-4A3A-93EA-5D826206CCD9}.Release|Any CPU.ActiveCfg = Release|Any CPU
		{598E1B96-C7C7-4A3A-93EA-5D826206CCD9}.Release|Any CPU.Build.0 = Release|Any CPU
		{FA330012-82B4-4800-8D75-6B33CC70D436}.Debug|Any CPU.ActiveCfg = Debug|Any CPU
		{FA330012-82B4-4800-8D75-6B33CC70D436}.Debug|Any CPU.Build.0 = Debug|Any CPU
		{FA330012-82B4-4800-8D75-6B33CC70D436}.Release|Any CPU.ActiveCfg = Release|Any CPU
		{FA330012-82B4-4800-8D75-6B33CC70D436}.Release|Any CPU.Build.0 = Release|Any CPU
		{669D40B8-1DD1-444B-864A-21C46B876027}.Debug|Any CPU.ActiveCfg = Debug|Any CPU
		{669D40B8-1DD1-444B-864A-21C46B876027}.Debug|Any CPU.Build.0 = Debug|Any CPU
		{669D40B8-1DD1-444B-864A-21C46B876027}.Release|Any CPU.ActiveCfg = Release|Any CPU
		{669D40B8-1DD1-444B-864A-21C46B876027}.Release|Any CPU.Build.0 = Release|Any CPU
	EndGlobalSection
	GlobalSection(SolutionProperties) = preSolution
		HideSolutionNode = FALSE
	EndGlobalSection
	GlobalSection(ExtensibilityGlobals) = postSolution
		SolutionGuid = {C8C4EECD-BDC9-4BD1-A0F7-9F12057D0018}
	EndGlobalSection
EndGlobal
