
Microsoft Visual Studio Solution File, Format Version 12.00
# Visual Studio Version 17
VisualStudioVersion = 17.2.32616.157
MinimumVisualStudioVersion = 10.0.40219.1
Project("{FAE04EC0-301F-11D3-BF4B-00C04F79EFBC}") = "Exercicio03", "Exercicio03\Exercicio03.csproj", "{394EAC1C-1A68-4357-865F-620F209E1D49}"
EndProject
Global
	GlobalSection(SolutionConfigurationPlatforms) = preSolution
		Debug|Any CPU = Debug|Any CPU
		Release|Any CPU = Release|Any CPU
	EndGlobalSection
	GlobalSection(ProjectConfigurationPlatforms) = postSolution
		{394EAC1C-1A68-4357-865F-620F209E1D49}.Debug|Any CPU.ActiveCfg = Debug|Any CPU
		{394EAC1C-1A68-4357-865F-620F209E1D49}.Debug|Any CPU.Build.0 = Debug|Any CPU
		{394EAC1C-1A68-4357-865F-620F209E1D49}.Release|Any CPU.ActiveCfg = Release|Any CPU
		{394EAC1C-1A68-4357-865F-620F209E1D49}.Release|Any CPU.Build.0 = Release|Any CPU
	EndGlobalSection
	GlobalSection(SolutionProperties) = preSolution
		HideSolutionNode = FALSE
	EndGlobalSection
	GlobalSection(ExtensibilityGlobals) = postSolution
		SolutionGuid = {7BC01112-B4D1-42B5-9040-C24762B277C3}
	EndGlobalSection
EndGlobal
