
Microsoft Visual Studio Solution File, Format Version 12.00
# Visual Studio Version 17
VisualStudioVersion = 17.4.33403.182
MinimumVisualStudioVersion = 10.0.40219.1
Project("{FAE04EC0-301F-11D3-BF4B-00C04F79EFBC}") = "RPG", "RPG\RPG.csproj", "{6D43E3CF-7E8C-460B-ADB2-AFA326B804DC}"
EndProject
Global
	GlobalSection(SolutionConfigurationPlatforms) = preSolution
		Debug|Any CPU = Debug|Any CPU
		Release|Any CPU = Release|Any CPU
	EndGlobalSection
	GlobalSection(ProjectConfigurationPlatforms) = postSolution
		{6D43E3CF-7E8C-460B-ADB2-AFA326B804DC}.Debug|Any CPU.ActiveCfg = Debug|Any CPU
		{6D43E3CF-7E8C-460B-ADB2-AFA326B804DC}.Debug|Any CPU.Build.0 = Debug|Any CPU
		{6D43E3CF-7E8C-460B-ADB2-AFA326B804DC}.Release|Any CPU.ActiveCfg = Release|Any CPU
		{6D43E3CF-7E8C-460B-ADB2-AFA326B804DC}.Release|Any CPU.Build.0 = Release|Any CPU
	EndGlobalSection
	GlobalSection(SolutionProperties) = preSolution
		HideSolutionNode = FALSE
	EndGlobalSection
	GlobalSection(ExtensibilityGlobals) = postSolution
		SolutionGuid = {A2606952-4778-4883-93DC-0BA977346E81}
	EndGlobalSection
EndGlobal
